
Microsoft Visual Studio Solution File, Format Version 12.00
# Visual Studio Version 17
VisualStudioVersion = 17.5.002.0
MinimumVisualStudioVersion = 10.0.40219.1
Project("{9A19103F-16F7-4668-BE54-9A1E7A4F7556}") = "Timmax", "Timmax.csproj", "{143FBD10-480F-476A-B6E8-F2892E6B79E2}"
EndProject
Global
	GlobalSection(SolutionConfigurationPlatforms) = preSolution
		Debug|Any CPU = Debug|Any CPU
		Release|Any CPU = Release|Any CPU
	EndGlobalSection
	GlobalSection(ProjectConfigurationPlatforms) = postSolution
		{143FBD10-480F-476A-B6E8-F2892E6B79E2}.Debug|Any CPU.ActiveCfg = Debug|Any CPU
		{143FBD10-480F-476A-B6E8-F2892E6B79E2}.Debug|Any CPU.Build.0 = Debug|Any CPU
		{143FBD10-480F-476A-B6E8-F2892E6B79E2}.Release|Any CPU.ActiveCfg = Release|Any CPU
		{143FBD10-480F-476A-B6E8-F2892E6B79E2}.Release|Any CPU.Build.0 = Release|Any CPU
	EndGlobalSection
	GlobalSection(SolutionProperties) = preSolution
		HideSolutionNode = FALSE
	EndGlobalSection
	GlobalSection(ExtensibilityGlobals) = postSolution
		SolutionGuid = {EC66ACD8-7DCA-422C-8B46-CE389D794031}
	EndGlobalSection
EndGlobal
